
Microsoft Visual Studio Solution File, Format Version 12.00
# Visual Studio Version 17
VisualStudioVersion = 17.4.33103.184
MinimumVisualStudioVersion = 10.0.40219.1
Project("{9A19103F-16F7-4668-BE54-9A1E7A4F7556}") = "Lab7", "Lab7\Lab7.csproj", "{E137633F-7211-4F71-845C-BB061476DFD6}"
EndProject
Project("{FAE04EC0-301F-11D3-BF4B-00C04F79EFBC}") = "Lab7Tests", "Lab7Tests\Lab7Tests.csproj", "{CC20F56B-9C57-48A3-9584-B9D051E3C884}"
EndProject
Global
	GlobalSection(SolutionConfigurationPlatforms) = preSolution
		Debug|Any CPU = Debug|Any CPU
		Release|Any CPU = Release|Any CPU
	EndGlobalSection
	GlobalSection(ProjectConfigurationPlatforms) = postSolution
		{E137633F-7211-4F71-845C-BB061476DFD6}.Debug|Any CPU.ActiveCfg = Debug|Any CPU
		{E137633F-7211-4F71-845C-BB061476DFD6}.Debug|Any CPU.Build.0 = Debug|Any CPU
		{E137633F-7211-4F71-845C-BB061476DFD6}.Release|Any CPU.ActiveCfg = Release|Any CPU
		{E137633F-7211-4F71-845C-BB061476DFD6}.Release|Any CPU.Build.0 = Release|Any CPU
		{CC20F56B-9C57-48A3-9584-B9D051E3C884}.Debug|Any CPU.ActiveCfg = Debug|Any CPU
		{CC20F56B-9C57-48A3-9584-B9D051E3C884}.Debug|Any CPU.Build.0 = Debug|Any CPU
		{CC20F56B-9C57-48A3-9584-B9D051E3C884}.Release|Any CPU.ActiveCfg = Release|Any CPU
		{CC20F56B-9C57-48A3-9584-B9D051E3C884}.Release|Any CPU.Build.0 = Release|Any CPU
	EndGlobalSection
	GlobalSection(SolutionProperties) = preSolution
		HideSolutionNode = FALSE
	EndGlobalSection
	GlobalSection(ExtensibilityGlobals) = postSolution
		SolutionGuid = {222D3C92-0A49-4B40-86A0-598AA97EDFBA}
	EndGlobalSection
EndGlobal
